{
  "name": "ironman-s3",
  "version": "0.0.1",
  "dependencies": {
    "async": {
      "version": "1.4.2",
      "from": "async@>=1.4.2 <2.0.0",
      "resolved": "https://registry.npmjs.org/async/-/async-1.4.2.tgz"
    },
    "crypto": {
      "version": "0.0.3",
      "from": "crypto@*",
      "resolved": "https://registry.npmjs.org/crypto/-/crypto-0.0.3.tgz"
    },
    "jsutils": {
      "version": "0.1.0",
      "from": "giorgioregni/jsutils",
      "resolved": "git://github.com/giorgioregni/jsutils.git#1406681895e44c1cad9f9ec1a68bd6547ce44e61",
      "dependencies": {
        "bunyan": {
          "version": "1.5.1",
          "from": "bunyan@>=1.3.5 <2.0.0",
          "resolved": "https://registry.npmjs.org/bunyan/-/bunyan-1.5.1.tgz",
          "dependencies": {
            "dtrace-provider": {
              "version": "0.6.0",
              "from": "dtrace-provider@>=0.6.0 <0.7.0",
              "resolved": "https://registry.npmjs.org/dtrace-provider/-/dtrace-provider-0.6.0.tgz",
              "dependencies": {
                "nan": {
                  "version": "2.0.9",
                  "from": "nan@>=2.0.8 <3.0.0",
                  "resolved": "https://registry.npmjs.org/nan/-/nan-2.0.9.tgz"
                }
              }
            },
            "mv": {
              "version": "2.1.1",
              "from": "mv@>=2.0.0 <3.0.0",
              "resolved": "https://registry.npmjs.org/mv/-/mv-2.1.1.tgz",
              "dependencies": {
                "mkdirp": {
                  "version": "0.5.1",
                  "from": "mkdirp@>=0.5.1 <0.6.0",
                  "resolved": "https://registry.npmjs.org/mkdirp/-/mkdirp-0.5.1.tgz",
                  "dependencies": {
                    "minimist": {
                      "version": "0.0.8",
                      "from": "minimist@0.0.8",
                      "resolved": "https://registry.npmjs.org/minimist/-/minimist-0.0.8.tgz"
                    }
                  }
                },
                "ncp": {
                  "version": "2.0.0",
                  "from": "ncp@>=2.0.0 <2.1.0",
                  "resolved": "https://registry.npmjs.org/ncp/-/ncp-2.0.0.tgz"
                },
                "rimraf": {
                  "version": "2.4.3",
                  "from": "rimraf@>=2.4.0 <2.5.0",
                  "resolved": "https://registry.npmjs.org/rimraf/-/rimraf-2.4.3.tgz",
                  "dependencies": {
                    "glob": {
                      "version": "5.0.15",
                      "from": "glob@>=5.0.14 <6.0.0",
                      "resolved": "https://registry.npmjs.org/glob/-/glob-5.0.15.tgz",
                      "dependencies": {
                        "inflight": {
                          "version": "1.0.4",
                          "from": "inflight@>=1.0.4 <2.0.0",
                          "resolved": "https://registry.npmjs.org/inflight/-/inflight-1.0.4.tgz",
                          "dependencies": {
                            "wrappy": {
                              "version": "1.0.1",
                              "from": "wrappy@>=1.0.0 <2.0.0",
                              "resolved": "https://registry.npmjs.org/wrappy/-/wrappy-1.0.1.tgz"
                            }
                          }
                        },
                        "inherits": {
                          "version": "2.0.1",
                          "from": "inherits@>=2.0.0 <3.0.0",
                          "resolved": "https://registry.npmjs.org/inherits/-/inherits-2.0.1.tgz"
                        },
                        "minimatch": {
                          "version": "3.0.0",
                          "from": "minimatch@>=2.0.0 <3.0.0||>=3.0.0 <4.0.0",
                          "resolved": "https://registry.npmjs.org/minimatch/-/minimatch-3.0.0.tgz",
                          "dependencies": {
                            "brace-expansion": {
                              "version": "1.1.1",
                              "from": "brace-expansion@>=1.0.0 <2.0.0",
                              "resolved": "https://registry.npmjs.org/brace-expansion/-/brace-expansion-1.1.1.tgz",
                              "dependencies": {
                                "balanced-match": {
                                  "version": "0.2.0",
                                  "from": "balanced-match@>=0.2.0 <0.3.0",
                                  "resolved": "https://registry.npmjs.org/balanced-match/-/balanced-match-0.2.0.tgz"
                                },
                                "concat-map": {
                                  "version": "0.0.1",
                                  "from": "concat-map@0.0.1",
                                  "resolved": "https://registry.npmjs.org/concat-map/-/concat-map-0.0.1.tgz"
                                }
                              }
                            }
                          }
                        },
                        "once": {
                          "version": "1.3.2",
                          "from": "once@>=1.3.0 <2.0.0",
                          "resolved": "https://registry.npmjs.org/once/-/once-1.3.2.tgz",
                          "dependencies": {
                            "wrappy": {
                              "version": "1.0.1",
                              "from": "wrappy@>=1.0.0 <2.0.0",
                              "resolved": "https://registry.npmjs.org/wrappy/-/wrappy-1.0.1.tgz"
                            }
                          }
                        },
                        "path-is-absolute": {
                          "version": "1.0.0",
                          "from": "path-is-absolute@>=1.0.0 <2.0.0",
                          "resolved": "https://registry.npmjs.org/path-is-absolute/-/path-is-absolute-1.0.0.tgz"
                        }
                      }
                    }
                  }
                }
              }
            },
            "safe-json-stringify": {
              "version": "1.0.3",
              "from": "safe-json-stringify@>=1.0.0 <2.0.0",
              "resolved": "https://registry.npmjs.org/safe-json-stringify/-/safe-json-stringify-1.0.3.tgz"
            }
          }
        },
        "extsprintf": {
          "version": "1.3.0",
          "from": "extsprintf@>=1.3.0 <2.0.0",
          "resolved": "https://registry.npmjs.org/extsprintf/-/extsprintf-1.3.0.tgz"
        }
      }
    },
    "node-simple-router": {
      "version": "0.9.4-2",
      "from": "giorgioregni/node-simple-router",
      "resolved": "git://github.com/giorgioregni/node-simple-router.git#c3e0ca9c073fc39e142eae5e55800f87cfad95b1"
    },
    "utf8": {
      "version": "2.1.1",
      "from": "utf8@*",
      "resolved": "https://registry.npmjs.org/utf8/-/utf8-2.1.1.tgz"
    },
    "xml": {
      "version": "1.0.0",
      "from": "xml@*",
      "resolved": "https://registry.npmjs.org/xml/-/xml-1.0.0.tgz"
    },
    "xml2js": {
      "version": "0.4.12",
      "from": "xml2js@>=0.4.12 <0.5.0",
      "resolved": "https://registry.npmjs.org/xml2js/-/xml2js-0.4.12.tgz",
      "dependencies": {
        "sax": {
          "version": "1.1.3",
          "from": "sax@>=0.6.0",
          "resolved": "https://registry.npmjs.org/sax/-/sax-1.1.3.tgz"
        },
        "xmlbuilder": {
          "version": "3.1.0",
          "from": "xmlbuilder@>=2.4.6",
          "resolved": "https://registry.npmjs.org/xmlbuilder/-/xmlbuilder-3.1.0.tgz",
          "dependencies": {
            "lodash": {
              "version": "3.10.1",
              "from": "lodash@>=3.5.0 <4.0.0",
              "resolved": "https://registry.npmjs.org/lodash/-/lodash-3.10.1.tgz"
            }
          }
        }
      }
    }
  }
}
